// !$*UTF8*$!
{
	archiveVersion = 1;
	classes = {
	};
	objectVersion = 46;
	objects = {

/* Begin PBXBuildFile section */
		4C7FEE7A1F38DD000096D61D /* AppDelegate.swift in Sources */ = {isa = PBXBuildFile; fileRef = 4C7FEE791F38DD000096D61D /* AppDelegate.swift */; };
		4C7FEE7C1F38DD000096D61D /* ViewController.swift in Sources */ = {isa = PBXBuildFile; fileRef = 4C7FEE7B1F38DD000096D61D /* ViewController.swift */; };
		4C7FEE7F1F38DD000096D61D /* Main.storyboard in Resources */ = {isa = PBXBuildFile; fileRef = 4C7FEE7D1F38DD000096D61D /* Main.storyboard */; };
		4C7FEE811F38DD000096D61D /* Assets.xcassets in Resources */ = {isa = PBXBuildFile; fileRef = 4C7FEE801F38DD000096D61D /* Assets.xcassets */; };
		4C7FEE841F38DD000096D61D /* LaunchScreen.storyboard in Resources */ = {isa = PBXBuildFile; fileRef = 4C7FEE821F38DD000096D61D /* LaunchScreen.storyboard */; };
		4C7FEE8F1F38DD000096D61D /* Thunderstorm2Tests.swift in Sources */ = {isa = PBXBuildFile; fileRef = 4C7FEE8E1F38DD000096D61D /* Thunderstorm2Tests.swift */; };
/* End PBXBuildFile section */

/* Begin PBXContainerItemProxy section */
		4C7FEE8B1F38DD000096D61D /* PBXContainerItemProxy */ = {
			isa = PBXContainerItemProxy;
			containerPortal = 4C7FEE6E1F38DD000096D61D /* Project object */;
			proxyType = 1;
			remoteGlobalIDString = 4C7FEE751F38DD000096D61D;
			remoteInfo = Thunderstorm2;
		};
/* End PBXContainerItemProxy section */

/* Begin PBXFileReference section */
		4C7FEE761F38DD000096D61D /* Thunderstorm2.app */ = {isa = PBXFileReference; explicitFileType = wrapper.application; includeInIndex = 0; path = Thunderstorm2.app; sourceTree = BUILT_PRODUCTS_DIR; };
		4C7FEE791F38DD000096D61D /* AppDelegate.swift */ = {isa = PBXFileReference; lastKnownFileType = sourcecode.swift; path = AppDelegate.swift; sourceTree = "<group>"; };
		4C7FEE7B1F38DD000096D61D /* ViewController.swift */ = {isa = PBXFileReference; lastKnownFileType = sourcecode.swift; path = ViewController.swift; sourceTree = "<group>"; };
		4C7FEE7E1F38DD000096D61D /* Base */ = {isa = PBXFileReference; lastKnownFileType = file.storyboard; name = Base; path = Base.lproj/Main.storyboard; sourceTree = "<group>"; };
		4C7FEE801F38DD000096D61D /* Assets.xcassets */ = {isa = PBXFileReference; lastKnownFileType = folder.assetcatalog; path = Assets.xcassets; sourceTree = "<group>"; };
		4C7FEE831F38DD000096D61D /* Base */ = {isa = PBXFileReference; lastKnownFileType = file.storyboard; name = Base; path = Base.lproj/LaunchScreen.storyboard; sourceTree = "<group>"; };
		4C7FEE851F38DD000096D61D /* Info.plist */ = {isa = PBXFileReference; lastKnownFileType = text.plist.xml; path = Info.plist; sourceTree = "<group>"; };
		4C7FEE8A1F38DD000096D61D /* Thunderstorm2Tests.xctest */ = {isa = PBXFileReference; explicitFileType = wrapper.cfbundle; includeInIndex = 0; path = Thunderstorm2Tests.xctest; sourceTree = BUILT_PRODUCTS_DIR; };
		4C7FEE8E1F38DD000096D61D /* Thunderstorm2Tests.swift */ = {isa = PBXFileReference; lastKnownFileType = sourcecode.swift; path = Thunderstorm2Tests.swift; sourceTree = "<group>"; };
		4C7FEE901F38DD000096D61D /* Info.plist */ = {isa = PBXFileReference; lastKnownFileType = text.plist.xml; path = Info.plist; sourceTree = "<group>"; };
/* End PBXFileReference section */

/* Begin PBXFrameworksBuildPhase section */
		4C7FEE731F38DD000096D61D /* Frameworks */ = {
			isa = PBXFrameworksBuildPhase;
			buildActionMask = 2147483647;
			files = (
			);
			runOnlyForDeploymentPostprocessing = 0;
		};
		4C7FEE871F38DD000096D61D /* Frameworks */ = {
			isa = PBXFrameworksBuildPhase;
			buildActionMask = 2147483647;
			files = (
			);
			runOnlyForDeploymentPostprocessing = 0;
		};
/* End PBXFrameworksBuildPhase section */

/* Begin PBXGroup section */
		4C7FEE6D1F38DD000096D61D = {
			isa = PBXGroup;
			children = (
				4C7FEE781F38DD000096D61D /* Thunderstorm2 */,
				4C7FEE8D1F38DD000096D61D /* Thunderstorm2Tests */,
				4C7FEE771F38DD000096D61D /* Products */,
			);
			sourceTree = "<group>";
		};
		4C7FEE771F38DD000096D61D /* Products */ = {
			isa = PBXGroup;
			children = (
				4C7FEE761F38DD000096D61D /* Thunderstorm2.app */,
				4C7FEE8A1F38DD000096D61D /* Thunderstorm2Tests.xctest */,
			);
			name = Products;
			sourceTree = "<group>";
		};
		4C7FEE781F38DD000096D61D /* Thunderstorm2 */ = {
			isa = PBXGroup;
			children = (
				4C7FEE791F38DD000096D61D /* AppDelegate.swift */,
				4C7FEE7B1F38DD000096D61D /* ViewController.swift */,
				4C7FEE7D1F38DD000096D61D /* Main.storyboard */,
				4C7FEE801F38DD000096D61D /* Assets.xcassets */,
				4C7FEE821F38DD000096D61D /* LaunchScreen.storyboard */,
				4C7FEE851F38DD000096D61D /* Info.plist */,
			);
			path = Thunderstorm2;
			sourceTree = "<group>";
		};
		4C7FEE8D1F38DD000096D61D /* Thunderstorm2Tests */ = {
			isa = PBXGroup;
			children = (
				4C7FEE8E1F38DD000096D61D /* Thunderstorm2Tests.swift */,
				4C7FEE901F38DD000096D61D /* Info.plist */,
			);
			path = Thunderstorm2Tests;
			sourceTree = "<group>";
		};
/* End PBXGroup section */

/* Begin PBXNativeTarget section */
		4C7FEE751F38DD000096D61D /* Thunderstorm2 */ = {
			isa = PBXNativeTarget;
			buildConfigurationList = 4C7FEE931F38DD000096D61D /* Build configuration list for PBXNativeTarget "Thunderstorm2" */;
			buildPhases = (
				4C7FEE721F38DD000096D61D /* Sources */,
				4C7FEE731F38DD000096D61D /* Frameworks */,
				4C7FEE741F38DD000096D61D /* Resources */,
			);
			buildRules = (
			);
			dependencies = (
			);
			name = Thunderstorm2;
			productName = Thunderstorm2;
			productReference = 4C7FEE761F38DD000096D61D /* Thunderstorm2.app */;
			productType = "com.apple.product-type.application";
		};
		4C7FEE891F38DD000096D61D /* Thunderstorm2Tests */ = {
			isa = PBXNativeTarget;
			buildConfigurationList = 4C7FEE961F38DD000096D61D /* Build configuration list for PBXNativeTarget "Thunderstorm2Tests" */;
			buildPhases = (
				4C7FEE861F38DD000096D61D /* Sources */,
				4C7FEE871F38DD000096D61D /* Frameworks */,
				4C7FEE881F38DD000096D61D /* Resources */,
			);
			buildRules = (
			);
			dependencies = (
				4C7FEE8C1F38DD000096D61D /* PBXTargetDependency */,
			);
			name = Thunderstorm2Tests;
			productName = Thunderstorm2Tests;
			productReference = 4C7FEE8A1F38DD000096D61D /* Thunderstorm2Tests.xctest */;
			productType = "com.apple.product-type.bundle.unit-test";
		};
/* End PBXNativeTarget section */

/* Begin PBXProject section */
		4C7FEE6E1F38DD000096D61D /* Project object */ = {
			isa = PBXProject;
			attributes = {
				LastSwiftUpdateCheck = 0830;
				LastUpgradeCheck = 0830;
				ORGANIZATIONNAME = "Blythe Cairnes";
				TargetAttributes = {
					4C7FEE751F38DD000096D61D = {
						CreatedOnToolsVersion = 8.3.3;
						ProvisioningStyle = Automatic;
					};
					4C7FEE891F38DD000096D61D = {
						CreatedOnToolsVersion = 8.3.3;
						ProvisioningStyle = Automatic;
						TestTargetID = 4C7FEE751F38DD000096D61D;
					};
				};
			};
			buildConfigurationList = 4C7FEE711F38DD000096D61D /* Build configuration list for PBXProject "Thunderstorm2" */;
			compatibilityVersion = "Xcode 3.2";
			developmentRegion = English;
			hasScannedForEncodings = 0;
			knownRegions = (
				en,
				Base,
			);
			mainGroup = 4C7FEE6D1F38DD000096D61D;
			productRefGroup = 4C7FEE771F38DD000096D61D /* Products */;
			projectDirPath = "";
			projectRoot = "";
			targets = (
				4C7FEE751F38DD000096D61D /* Thunderstorm2 */,
				4C7FEE891F38DD000096D61D /* Thunderstorm2Tests */,
			);
		};
/* End PBXProject section */

/* Begin PBXResourcesBuildPhase section */
		4C7FEE741F38DD000096D61D /* Resources */ = {
			isa = PBXResourcesBuildPhase;
			buildActionMask = 2147483647;
			files = (
				4C7FEE841F38DD000096D61D /* LaunchScreen.storyboard in Resources */,
				4C7FEE811F38DD000096D61D /* Assets.xcassets in Resources */,
				4C7FEE7F1F38DD000096D61D /* Main.storyboard in Resources */,
			);
			runOnlyForDeploymentPostprocessing = 0;
		};
		4C7FEE881F38DD000096D61D /* Resources */ = {
			isa = PBXResourcesBuildPhase;
			buildActionMask = 2147483647;
			files = (
			);
			runOnlyForDeploymentPostprocessing = 0;
		};
/* End PBXResourcesBuildPhase section */

/* Begin PBXSourcesBuildPhase section */
		4C7FEE721F38DD000096D61D /* Sources */ = {
			isa = PBXSourcesBuildPhase;
			buildActionMask = 2147483647;
			files = (
				4C7FEE7C1F38DD000096D61D /* ViewController.swift in Sources */,
				4C7FEE7A1F38DD000096D61D /* AppDelegate.swift in Sources */,
			);
			runOnlyForDeploymentPostprocessing = 0;
		};
		4C7FEE861F38DD000096D61D /* Sources */ = {
			isa = PBXSourcesBuildPhase;
			buildActionMask = 2147483647;
			files = (
				4C7FEE8F1F38DD000096D61D /* Thunderstorm2Tests.swift in Sources */,
			);
			runOnlyForDeploymentPostprocessing = 0;
		};
/* End PBXSourcesBuildPhase section */

/* Begin PBXTargetDependency section */
		4C7FEE8C1F38DD000096D61D /* PBXTargetDependency */ = {
			isa = PBXTargetDependency;
			target = 4C7FEE751F38DD000096D61D /* Thunderstorm2 */;
			targetProxy = 4C7FEE8B1F38DD000096D61D /* PBXContainerItemProxy */;
		};
/* End PBXTargetDependency section */

/* Begin PBXVariantGroup section */
		4C7FEE7D1F38DD000096D61D /* Main.storyboard */ = {
			isa = PBXVariantGroup;
			children = (
				4C7FEE7E1F38DD000096D61D /* Base */,
			);
			name = Main.storyboard;
			sourceTree = "<group>";
		};
		4C7FEE821F38DD000096D61D /* LaunchScreen.storyboard */ = {
			isa = PBXVariantGroup;
			children = (
				4C7FEE831F38DD000096D61D /* Base */,
			);
			name = LaunchScreen.storyboard;
			sourceTree = "<group>";
		};
/* End PBXVariantGroup section */

/* Begin XCBuildConfiguration section */
		4C7FEE911F38DD000096D61D /* Debug */ = {
			isa = XCBuildConfiguration;
			buildSettings = {
				ALWAYS_SEARCH_USER_PATHS = NO;
				CLANG_ANALYZER_NONNULL = YES;
				CLANG_ANALYZER_NUMBER_OBJECT_CONVERSION = YES_AGGRESSIVE;
				CLANG_CXX_LANGUAGE_STANDARD = "gnu++0x";
				CLANG_CXX_LIBRARY = "libc++";
				CLANG_ENABLE_MODULES = YES;
				CLANG_ENABLE_OBJC_ARC = YES;
				CLANG_WARN_BOOL_CONVERSION = YES;
				CLANG_WARN_CONSTANT_CONVERSION = YES;
				CLANG_WARN_DIRECT_OBJC_ISA_USAGE = YES_ERROR;
				CLANG_WARN_DOCUMENTATION_COMMENTS = YES;
				CLANG_WARN_EMPTY_BODY = YES;
				CLANG_WARN_ENUM_CONVERSION = YES;
				CLANG_WARN_INFINITE_RECURSION = YES;
				CLANG_WARN_INT_CONVERSION = YES;
				CLANG_WARN_OBJC_ROOT_CLASS = YES_ERROR;
				CLANG_WARN_SUSPICIOUS_MOVE = YES;
				CLANG_WARN_UNREACHABLE_CODE = YES;
				CLANG_WARN__DUPLICATE_METHOD_MATCH = YES;
				"CODE_SIGN_IDENTITY[sdk=iphoneos*]" = "iPhone Developer";
				COPY_PHASE_STRIP = NO;
				DEBUG_INFORMATION_FORMAT = dwarf;
				ENABLE_STRICT_OBJC_MSGSEND = YES;
				ENABLE_TESTABILITY = YES;
				GCC_C_LANGUAGE_STANDARD = gnu99;
				GCC_DYNAMIC_NO_PIC = NO;
				GCC_NO_COMMON_BLOCKS = YES;
				GCC_OPTIMIZATION_LEVEL = 0;
				GCC_PREPROCESSOR_DEFINITIONS = (
					"DEBUG=1",
					"$(inherited)",
				);
				GCC_WARN_64_TO_32_BIT_CONVERSION = YES;
				GCC_WARN_ABOUT_RETURN_TYPE = YES_ERROR;
				GCC_WARN_UNDECLARED_SELECTOR = YES;
				GCC_WARN_UNINITIALIZED_AUTOS = YES_AGGRESSIVE;
				GCC_WARN_UNUSED_FUNCTION = YES;
				GCC_WARN_UNUSED_VARIABLE = YES;
				IPHONEOS_DEPLOYMENT_TARGET = 10.3;
				MTL_ENABLE_DEBUG_INFO = YES;
				ONLY_ACTIVE_ARCH = YES;
				SDKROOT = iphoneos;
				SWIFT_ACTIVE_COMPILATION_CONDITIONS = DEBUG;
				SWIFT_OPTIMIZATION_LEVEL = "-Onone";
			};
			name = Debug;
		};
		4C7FEE921F38DD000096D61D /* Release */ = {
			isa = XCBuildConfiguration;
			buildSettings = {
				ALWAYS_SEARCH_USER_PATHS = NO;
				CLANG_ANALYZER_NONNULL = YES;
				CLANG_ANALYZER_NUMBER_OBJECT_CONVERSION = YES_AGGRESSIVE;
				CLANG_CXX_LANGUAGE_STANDARD = "gnu++0x";
				CLANG_CXX_LIBRARY = "libc++";
				CLANG_ENABLE_MODULES = YES;
				CLANG_ENABLE_OBJC_ARC = YES;
				CLANG_WARN_BOOL_CONVERSION = YES;
				CLANG_WARN_CONSTANT_CONVERSION = YES;
				CLANG_WARN_DIRECT_OBJC_ISA_USAGE = YES_ERROR;
				CLANG_WARN_DOCUMENTATION_COMMENTS = YES;
				CLANG_WARN_EMPTY_BODY = YES;
				CLANG_WARN_ENUM_CONVERSION = YES;
				CLANG_WARN_INFINITE_RECURSION = YES;
				CLANG_WARN_INT_CONVERSION = YES;
				CLANG_WARN_OBJC_ROOT_CLASS = YES_ERROR;
				CLANG_WARN_SUSPICIOUS_MOVE = YES;
				CLANG_WARN_UNREACHABLE_CODE = YES;
				CLANG_WARN__DUPLICATE_METHOD_MATCH = YES;
				"CODE_SIGN_IDENTITY[sdk=iphoneos*]" = "iPhone Developer";
				COPY_PHASE_STRIP = NO;
				DEBUG_INFORMATION_FORMAT = "dwarf-with-dsym";
				ENABLE_NS_ASSERTIONS = NO;
				ENABLE_STRICT_OBJC_MSGSEND = YES;
				GCC_C_LANGUAGE_STANDARD = gnu99;
				GCC_NO_COMMON_BLOCKS = YES;
				GCC_WARN_64_TO_32_BIT_CONVERSION = YES;
				GCC_WARN_ABOUT_RETURN_TYPE = YES_ERROR;
				GCC_WARN_UNDECLARED_SELECTOR = YES;
				GCC_WARN_UNINITIALIZED_AUTOS = YES_AGGRESSIVE;
				GCC_WARN_UNUSED_FUNCTION = YES;
				GCC_WARN_UNUSED_VARIABLE = YES;
				IPHONEOS_DEPLOYMENT_TARGET = 10.3;
				MTL_ENABLE_DEBUG_INFO = NO;
				SDKROOT = iphoneos;
				SWIFT_OPTIMIZATION_LEVEL = "-Owholemodule";
				VALIDATE_PRODUCT = YES;
			};
			name = Release;
		};
		4C7FEE941F38DD000096D61D /* Debug */ = {
			isa = XCBuildConfiguration;
			buildSettings = {
				ASSETCATALOG_COMPILER_APPICON_NAME = AppIcon;
				INFOPLIST_FILE = Thunderstorm2/Info.plist;
				LD_RUNPATH_SEARCH_PATHS = "$(inherited) @executable_path/Frameworks";
				PRODUCT_BUNDLE_IDENTIFIER = com.positronicbliss.Thunderstorm2;
				PRODUCT_NAME = "$(TARGET_NAME)";
				SWIFT_VERSION = 3.0;
			};
			name = Debug;
		};
		4C7FEE951F38DD000096D61D /* Release */ = {
			isa = XCBuildConfiguration;
			buildSettings = {
				ASSETCATALOG_COMPILER_APPICON_NAME = AppIcon;
				INFOPLIST_FILE = Thunderstorm2/Info.plist;
				LD_RUNPATH_SEARCH_PATHS = "$(inherited) @executable_path/Frameworks";
				PRODUCT_BUNDLE_IDENTIFIER = com.positronicbliss.Thunderstorm2;
				PRODUCT_NAME = "$(TARGET_NAME)";
				SWIFT_VERSION = 3.0;
			};
			name = Release;
		};
		4C7FEE971F38DD000096D61D /* Debug */ = {
			isa = XCBuildConfiguration;
			buildSettings = {
				ALWAYS_EMBED_SWIFT_STANDARD_LIBRARIES = YES;
				BUNDLE_LOADER = "$(TEST_HOST)";
				INFOPLIST_FILE = Thunderstorm2Tests/Info.plist;
				LD_RUNPATH_SEARCH_PATHS = "$(inherited) @executable_path/Frameworks @loader_path/Frameworks";
				PRODUCT_BUNDLE_IDENTIFIER = com.positronicbliss.Thunderstorm2Tests;
				PRODUCT_NAME = "$(TARGET_NAME)";
				SWIFT_VERSION = 3.0;
				TEST_HOST = "$(BUILT_PRODUCTS_DIR)/Thunderstorm2.app/Thunderstorm2";
			};
			name = Debug;
		};
		4C7FEE981F38DD000096D61D /* Release */ = {
			isa = XCBuildConfiguration;
			buildSettings = {
				ALWAYS_EMBED_SWIFT_STANDARD_LIBRARIES = YES;
				BUNDLE_LOADER = "$(TEST_HOST)";
				INFOPLIST_FILE = Thunderstorm2Tests/Info.plist;
				LD_RUNPATH_SEARCH_PATHS = "$(inherited) @executable_path/Frameworks @loader_path/Frameworks";
				PRODUCT_BUNDLE_IDENTIFIER = com.positronicbliss.Thunderstorm2Tests;
				PRODUCT_NAME = "$(TARGET_NAME)";
				SWIFT_VERSION = 3.0;
				TEST_HOST = "$(BUILT_PRODUCTS_DIR)/Thunderstorm2.app/Thunderstorm2";
			};
			name = Release;
		};
/* End XCBuildConfiguration section */

/* Begin XCConfigurationList section */
		4C7FEE711F38DD000096D61D /* Build configuration list for PBXProject "Thunderstorm2" */ = {
			isa = XCConfigurationList;
			buildConfigurations = (
				4C7FEE911F38DD000096D61D /* Debug */,
				4C7FEE921F38DD000096D61D /* Release */,
			);
			defaultConfigurationIsVisible = 0;
			defaultConfigurationName = Release;
		};
		4C7FEE931F38DD000096D61D /* Build configuration list for PBXNativeTarget "Thunderstorm2" */ = {
			isa = XCConfigurationList;
			buildConfigurations = (
				4C7FEE941F38DD000096D61D /* Debug */,
				4C7FEE951F38DD000096D61D /* Release */,
			);
			defaultConfigurationIsVisible = 0;
		};
		4C7FEE961F38DD000096D61D /* Build configuration list for PBXNativeTarget "Thunderstorm2Tests" */ = {
			isa = XCConfigurationList;
			buildConfigurations = (
				4C7FEE971F38DD000096D61D /* Debug */,
				4C7FEE981F38DD000096D61D /* Release */,
			);
			defaultConfigurationIsVisible = 0;
		};
/* End XCConfigurationList section */
	};
	rootObject = 4C7FEE6E1F38DD000096D61D /* Project object */;
}
